PODS:
  - audioplayers (0.0.1):
    - Flutter
  - Flutter (1.0.0)
  - fluwx (0.0.1):
    - Flutter
    - WechatOpenSDK_Fuck (~> 1.9.2)
  - path_provider (0.0.1):
    - Flutter
  - shared_preferences (0.0.1):
    - Flutter
  - WechatOpenSDK_Fuck (1.9.2)

DEPENDENCIES:
  - audioplayers (from `.symlinks/plugins/audioplayers/ios`)
  - Flutter (from `Flutter`)
  - fluwx (from `.symlinks/plugins/fluwx/ios`)
  - path_provider (from `.symlinks/plugins/path_provider/ios`)
  - shared_preferences (from `.symlinks/plugins/shared_preferences/ios`)

SPEC REPOS:
  trunk:
    - WechatOpenSDK_Fuck

EXTERNAL SOURCES:
  audioplayers:
    :path: ".symlinks/plugins/audioplayers/ios"
  Flutter:
    :path: Flutter
  fluwx:
    :path: ".symlinks/plugins/fluwx/ios"
  path_provider:
    :path: ".symlinks/plugins/path_provider/ios"
  shared_preferences:
    :path: ".symlinks/plugins/shared_preferences/ios"

SPEC CHECKSUMS:
  audioplayers: 455322b54050b30ea4b1af7cd9e9d105f74efa8c
  Flutter: 50d75fe2f02b26cc09d224853bb45737f8b3214a
  fluwx: c192ef1ea3617badb813fa1a761ffc5c9c12208a
  path_provider: d1e9807085df1f9cc9318206cd649dc0b76be3de
  shared_preferences: 5033afbb22d372e15aff8ff766df9021b845f273
  WechatOpenSDK_Fuck: aa8f4b0af902837e887a1d40c62f06c060c1dc98

PODFILE CHECKSUM: a75497545d4391e2d394c3668e20cfb1c2bbd4aa

COCOAPODS: 1.10.1
